
Microsoft Visual Studio Solution File, Format Version 12.00
# Visual Studio Version 16
VisualStudioVersion = 16.0.29905.134
MinimumVisualStudioVersion = 10.0.40219.1
Project("{FAE04EC0-301F-11D3-BF4B-00C04F79EFBC}") = "MvcMovie", "MvcMovie\MvcMovie.csproj", "{770FE3E5-4397-4C2B-85BF-B9F60F37AF3C}"
EndProject
Global
	GlobalSection(SolutionConfigurationPlatforms) = preSolution
		Debug|Any CPU = Debug|Any CPU
		Release|Any CPU = Release|Any CPU
	EndGlobalSection
	GlobalSection(ProjectConfigurationPlatforms) = postSolution
		{770FE3E5-4397-4C2B-85BF-B9F60F37AF3C}.Debug|Any CPU.ActiveCfg = Debug|Any CPU
		{770FE3E5-4397-4C2B-85BF-B9F60F37AF3C}.Debug|Any CPU.Build.0 = Debug|Any CPU
		{770FE3E5-4397-4C2B-85BF-B9F60F37AF3C}.Release|Any CPU.ActiveCfg = Release|Any CPU
		{770FE3E5-4397-4C2B-85BF-B9F60F37AF3C}.Release|Any CPU.Build.0 = Release|Any CPU
	EndGlobalSection
	GlobalSection(SolutionProperties) = preSolution
		HideSolutionNode = FALSE
	EndGlobalSection
	GlobalSection(ExtensibilityGlobals) = postSolution
		SolutionGuid = {DE78FB54-01CA-4BD5-9F91-68374E945BD2}
	EndGlobalSection
EndGlobal
